
Microsoft Visual Studio Solution File, Format Version 12.00
# Visual Studio Version 16
VisualStudioVersion = 16.0.31624.102
MinimumVisualStudioVersion = 10.0.40219.1
Project("{FAE04EC0-301F-11D3-BF4B-00C04F79EFBC}") = "CrudWindowsForm", "CrudWindowsForm\CrudWindowsForm.csproj", "{D599BFDC-95C1-459C-AFE6-995860A85881}"
EndProject
Global
	GlobalSection(SolutionConfigurationPlatforms) = preSolution
		Debug|Any CPU = Debug|Any CPU
		Release|Any CPU = Release|Any CPU
	EndGlobalSection
	GlobalSection(ProjectConfigurationPlatforms) = postSolution
		{D599BFDC-95C1-459C-AFE6-995860A85881}.Debug|Any CPU.ActiveCfg = Debug|Any CPU
		{D599BFDC-95C1-459C-AFE6-995860A85881}.Debug|Any CPU.Build.0 = Debug|Any CPU
		{D599BFDC-95C1-459C-AFE6-995860A85881}.Release|Any CPU.ActiveCfg = Release|Any CPU
		{D599BFDC-95C1-459C-AFE6-995860A85881}.Release|Any CPU.Build.0 = Release|Any CPU
	EndGlobalSection
	GlobalSection(SolutionProperties) = preSolution
		HideSolutionNode = FALSE
	EndGlobalSection
	GlobalSection(ExtensibilityGlobals) = postSolution
		SolutionGuid = {DAA8F8D7-3C28-4818-A94C-E49FF47E2559}
	EndGlobalSection
EndGlobal
